
Microsoft Visual Studio Solution File, Format Version 12.00
# Visual Studio Version 16
VisualStudioVersion = 16.0.31410.357
MinimumVisualStudioVersion = 10.0.40219.1
Project("{9A19103F-16F7-4668-BE54-9A1E7A4F7556}") = "DevFreela.API", "DevFreela.API\DevFreela.API.csproj", "{3665F0B9-ABDB-435E-82CC-B2FA8A1B28A0}"
EndProject
Project("{9A19103F-16F7-4668-BE54-9A1E7A4F7556}") = "DevFreela.Core", "DevFreela.Core\DevFreela.Core.csproj", "{F76AED28-C062-4EC5-A3DC-AAB1249C8154}"
EndProject
Project("{9A19103F-16F7-4668-BE54-9A1E7A4F7556}") = "DevFreela.Infrastructure", "DevFreela.Infrastructure\DevFreela.Infrastructure.csproj", "{55B6FA1F-E231-44B1-BC94-17BCE2475CBA}"
EndProject
Project("{FAE04EC0-301F-11D3-BF4B-00C04F79EFBC}") = "DevFreela.Application", "DevFreela.Application\DevFreela.Application.csproj", "{AAD2BCFA-7C49-4B1C-9250-1D0534E6C1B7}"
EndProject
Global
	GlobalSection(SolutionConfigurationPlatforms) = preSolution
		Debug|Any CPU = Debug|Any CPU
		Release|Any CPU = Release|Any CPU
	EndGlobalSection
	GlobalSection(ProjectConfigurationPlatforms) = postSolution
		{3665F0B9-ABDB-435E-82CC-B2FA8A1B28A0}.Debug|Any CPU.ActiveCfg = Debug|Any CPU
		{3665F0B9-ABDB-435E-82CC-B2FA8A1B28A0}.Debug|Any CPU.Build.0 = Debug|Any CPU
		{3665F0B9-ABDB-435E-82CC-B2FA8A1B28A0}.Release|Any CPU.ActiveCfg = Release|Any CPU
		{3665F0B9-ABDB-435E-82CC-B2FA8A1B28A0}.Release|Any CPU.Build.0 = Release|Any CPU
		{F76AED28-C062-4EC5-A3DC-AAB1249C8154}.Debug|Any CPU.ActiveCfg = Debug|Any CPU
		{F76AED28-C062-4EC5-A3DC-AAB1249C8154}.Debug|Any CPU.Build.0 = Debug|Any CPU
		{F76AED28-C062-4EC5-A3DC-AAB1249C8154}.Release|Any CPU.ActiveCfg = Release|Any CPU
		{F76AED28-C062-4EC5-A3DC-AAB1249C8154}.Release|Any CPU.Build.0 = Release|Any CPU
		{55B6FA1F-E231-44B1-BC94-17BCE2475CBA}.Debug|Any CPU.ActiveCfg = Debug|Any CPU
		{55B6FA1F-E231-44B1-BC94-17BCE2475CBA}.Debug|Any CPU.Build.0 = Debug|Any CPU
		{55B6FA1F-E231-44B1-BC94-17BCE2475CBA}.Release|Any CPU.ActiveCfg = Release|Any CPU
		{55B6FA1F-E231-44B1-BC94-17BCE2475CBA}.Release|Any CPU.Build.0 = Release|Any CPU
		{AAD2BCFA-7C49-4B1C-9250-1D0534E6C1B7}.Debug|Any CPU.ActiveCfg = Debug|Any CPU
		{AAD2BCFA-7C49-4B1C-9250-1D0534E6C1B7}.Debug|Any CPU.Build.0 = Debug|Any CPU
		{AAD2BCFA-7C49-4B1C-9250-1D0534E6C1B7}.Release|Any CPU.ActiveCfg = Release|Any CPU
		{AAD2BCFA-7C49-4B1C-9250-1D0534E6C1B7}.Release|Any CPU.Build.0 = Release|Any CPU
	EndGlobalSection
	GlobalSection(SolutionProperties) = preSolution
		HideSolutionNode = FALSE
	EndGlobalSection
	GlobalSection(ExtensibilityGlobals) = postSolution
		SolutionGuid = {54289260-EA5E-4363-AF25-2DBB20775DE0}
	EndGlobalSection
EndGlobal
